
Microsoft Visual Studio Solution File, Format Version 12.00
# Visual Studio Version 16
VisualStudioVersion = 16.0.31729.503
MinimumVisualStudioVersion = 10.0.40219.1
Project("{888888A0-9F3D-457C-B088-3A5042F75D52}") = "Project1", "Project1.pyproj", "{14DF0D3C-B7DD-4A63-871A-4DB351DF2E97}"
EndProject
Global
	GlobalSection(SolutionConfigurationPlatforms) = preSolution
		Debug|Any CPU = Debug|Any CPU
		Release|Any CPU = Release|Any CPU
	EndGlobalSection
	GlobalSection(ProjectConfigurationPlatforms) = postSolution
		{14DF0D3C-B7DD-4A63-871A-4DB351DF2E97}.Debug|Any CPU.ActiveCfg = Debug|Any CPU
		{14DF0D3C-B7DD-4A63-871A-4DB351DF2E97}.Release|Any CPU.ActiveCfg = Release|Any CPU
	EndGlobalSection
	GlobalSection(SolutionProperties) = preSolution
		HideSolutionNode = FALSE
	EndGlobalSection
	GlobalSection(ExtensibilityGlobals) = postSolution
		SolutionGuid = {8AC76A60-8AAD-42F6-B28E-E422B784BAF5}
	EndGlobalSection
EndGlobal
